// !$*UTF8*$!
{
	archiveVersion = 1;
	classes = {
	};
	objectVersion = 46;
	objects = {

/* Begin PBXBuildFile section */
		711E3DD21E2DEF7000B03554 /* ViewController.m in Sources */ = {isa = PBXBuildFile; fileRef = 711E3DD11E2DEF7000B03554 /* ViewController.m */; };
		711E3DD51E2DEF7000B03554 /* Main.storyboard in Resources */ = {isa = PBXBuildFile; fileRef = 711E3DD31E2DEF7000B03554 /* Main.storyboard */; };
		711E3DD71E2DEF7000B03554 /* Assets.xcassets in Resources */ = {isa = PBXBuildFile; fileRef = 711E3DD61E2DEF7000B03554 /* Assets.xcassets */; };
		711E3DDA1E2DEF7000B03554 /* LaunchScreen.storyboard in Resources */ = {isa = PBXBuildFile; fileRef = 711E3DD81E2DEF7000B03554 /* LaunchScreen.storyboard */; };
		711E3E101E2DFC7A00B03554 /* bb@2x.jpg in Resources */ = {isa = PBXBuildFile; fileRef = 711E3DE51E2DFC7A00B03554 /* bb@2x.jpg */; };
		711E3E111E2DFC7A00B03554 /* bb_icon@2x.jpg in Resources */ = {isa = PBXBuildFile; fileRef = 711E3DE61E2DFC7A00B03554 /* bb_icon@2x.jpg */; };
		711E3E121E2DFC7A00B03554 /* dzq@2x.jpg in Resources */ = {isa = PBXBuildFile; fileRef = 711E3DE71E2DFC7A00B03554 /* dzq@2x.jpg */; };
		711E3E131E2DFC7A00B03554 /* dzq_icon@2x.jpg in Resources */ = {isa = PBXBuildFile; fileRef = 711E3DE81E2DFC7A00B03554 /* dzq_icon@2x.jpg */; };
		711E3E141E2DFC7A00B03554 /* eason@2x.jpg in Resources */ = {isa = PBXBuildFile; fileRef = 711E3DE91E2DFC7A00B03554 /* eason@2x.jpg */; };
		711E3E151E2DFC7A00B03554 /* eason_icon@2x.jpg in Resources */ = {isa = PBXBuildFile; fileRef = 711E3DEA1E2DFC7A00B03554 /* eason_icon@2x.jpg */; };
		711E3E161E2DFC7A00B03554 /* jay@2x.jpg in Resources */ = {isa = PBXBuildFile; fileRef = 711E3DEB1E2DFC7A00B03554 /* jay@2x.jpg */; };
		711E3E171E2DFC7A00B03554 /* jay_icon@2x.png in Resources */ = {isa = PBXBuildFile; fileRef = 711E3DEC1E2DFC7A00B03554 /* jay_icon@2x.png */; };
		711E3E181E2DFC7A00B03554 /* jj@2x.jpg in Resources */ = {isa = PBXBuildFile; fileRef = 711E3DED1E2DFC7A00B03554 /* jj@2x.jpg */; };
		711E3E191E2DFC7A00B03554 /* jj_icon@2x.png in Resources */ = {isa = PBXBuildFile; fileRef = 711E3DEE1E2DFC7A00B03554 /* jj_icon@2x.png */; };
		711E3E1A1E2DFC7A00B03554 /* kzxd@2x.jpg in Resources */ = {isa = PBXBuildFile; fileRef = 711E3DEF1E2DFC7A00B03554 /* kzxd@2x.jpg */; };
		711E3E1B1E2DFC7A00B03554 /* kzxd_icon@2x.jpg in Resources */ = {isa = PBXBuildFile; fileRef = 711E3DF01E2DFC7A00B03554 /* kzxd_icon@2x.jpg */; };
		711E3E1C1E2DFC7A00B03554 /* lkq@2x.jpg in Resources */ = {isa = PBXBuildFile; fileRef = 711E3DF11E2DFC7A00B03554 /* lkq@2x.jpg */; };
		711E3E1D1E2DFC7A00B03554 /* lkq_icon@2x.jpg in Resources */ = {isa = PBXBuildFile; fileRef = 711E3DF21E2DFC7A00B03554 /* lkq_icon@2x.jpg */; };
		711E3E1E1E2DFC7A00B03554 /* nanquan@2x.jpg in Resources */ = {isa = PBXBuildFile; fileRef = 711E3DF31E2DFC7A00B03554 /* nanquan@2x.jpg */; };
		711E3E1F1E2DFC7A00B03554 /* nanquan_icon@2x.jpg in Resources */ = {isa = PBXBuildFile; fileRef = 711E3DF41E2DFC7A00B03554 /* nanquan_icon@2x.jpg */; };
		711E3E201E2DFC7A00B03554 /* wf@2x.jpg in Resources */ = {isa = PBXBuildFile; fileRef = 711E3DF51E2DFC7A00B03554 /* wf@2x.jpg */; };
		711E3E211E2DFC7A00B03554 /* wf_icon@2x.jpg in Resources */ = {isa = PBXBuildFile; fileRef = 711E3DF61E2DFC7A00B03554 /* wf_icon@2x.jpg */; };
		711E3E221E2DFC7A00B03554 /* zxy@2x.jpg in Resources */ = {isa = PBXBuildFile; fileRef = 711E3DF71E2DFC7A00B03554 /* zxy@2x.jpg */; };
		711E3E231E2DFC7A00B03554 /* zxy_icon@2x.jpg in Resources */ = {isa = PBXBuildFile; fileRef = 711E3DF81E2DFC7A00B03554 /* zxy_icon@2x.jpg */; };
		711E3E241E2DFC7A00B03554 /* 10405520.lrc in Resources */ = {isa = PBXBuildFile; fileRef = 711E3DFA1E2DFC7A00B03554 /* 10405520.lrc */; };
		711E3E251E2DFC7A00B03554 /* 10736444.lrc in Resources */ = {isa = PBXBuildFile; fileRef = 711E3DFB1E2DFC7A00B03554 /* 10736444.lrc */; };
		711E3E261E2DFC7A00B03554 /* 120125029.lrc in Resources */ = {isa = PBXBuildFile; fileRef = 711E3DFC1E2DFC7A00B03554 /* 120125029.lrc */; };
		711E3E271E2DFC7A00B03554 /* 12309111.lrc in Resources */ = {isa = PBXBuildFile; fileRef = 711E3DFD1E2DFC7A00B03554 /* 12309111.lrc */; };
		711E3E281E2DFC7A00B03554 /* 14945107.lrc in Resources */ = {isa = PBXBuildFile; fileRef = 711E3DFE1E2DFC7A00B03554 /* 14945107.lrc */; };
		711E3E291E2DFC7A00B03554 /* 235319.lrc in Resources */ = {isa = PBXBuildFile; fileRef = 711E3DFF1E2DFC7A00B03554 /* 235319.lrc */; };
		711E3E2A1E2DFC7A00B03554 /* 255319.lrc in Resources */ = {isa = PBXBuildFile; fileRef = 711E3E001E2DFC7A00B03554 /* 255319.lrc */; };
		711E3E2B1E2DFC7A00B03554 /* 309769.lrc in Resources */ = {isa = PBXBuildFile; fileRef = 711E3E011E2DFC7A00B03554 /* 309769.lrc */; };
		711E3E2C1E2DFC7A00B03554 /* 339744.lrc in Resources */ = {isa = PBXBuildFile; fileRef = 711E3E021E2DFC7A00B03554 /* 339744.lrc */; };
		711E3E2D1E2DFC7A00B03554 /* 月半小夜曲.lrc in Resources */ = {isa = PBXBuildFile; fileRef = 711E3E031E2DFC7A00B03554 /* 月半小夜曲.lrc */; };
		711E3E2E1E2DFC7A00B03554 /* 10405520.mp3 in Resources */ = {isa = PBXBuildFile; fileRef = 711E3E051E2DFC7A00B03554 /* 10405520.mp3 */; };
		711E3E2F1E2DFC7A00B03554 /* 10736444.mp3 in Resources */ = {isa = PBXBuildFile; fileRef = 711E3E061E2DFC7A00B03554 /* 10736444.mp3 */; };
		711E3E301E2DFC7A00B03554 /* 1201111234.mp3 in Resources */ = {isa = PBXBuildFile; fileRef = 711E3E071E2DFC7A00B03554 /* 1201111234.mp3 */; };
		711E3E311E2DFC7A00B03554 /* 120125029.mp3 in Resources */ = {isa = PBXBuildFile; fileRef = 711E3E081E2DFC7A00B03554 /* 120125029.mp3 */; };
		711E3E321E2DFC7A00B03554 /* 12309111.mp3 in Resources */ = {isa = PBXBuildFile; fileRef = 711E3E091E2DFC7A00B03554 /* 12309111.mp3 */; };
		711E3E331E2DFC7A00B03554 /* 14945107.mp3 in Resources */ = {isa = PBXBuildFile; fileRef = 711E3E0A1E2DFC7A00B03554 /* 14945107.mp3 */; };
		711E3E341E2DFC7A00B03554 /* 235319.mp3 in Resources */ = {isa = PBXBuildFile; fileRef = 711E3E0B1E2DFC7A00B03554 /* 235319.mp3 */; };
		711E3E351E2DFC7A00B03554 /* 255319.mp3 in Resources */ = {isa = PBXBuildFile; fileRef = 711E3E0C1E2DFC7A00B03554 /* 255319.mp3 */; };
		711E3E361E2DFC7A00B03554 /* 309769.mp3 in Resources */ = {isa = PBXBuildFile; fileRef = 711E3E0D1E2DFC7A00B03554 /* 309769.mp3 */; };
		711E3E371E2DFC7A00B03554 /* 339744.mp3 in Resources */ = {isa = PBXBuildFile; fileRef = 711E3E0E1E2DFC7A00B03554 /* 339744.mp3 */; };
		711E3E381E2DFC7A00B03554 /* Musics.plist in Resources */ = {isa = PBXBuildFile; fileRef = 711E3E0F1E2DFC7A00B03554 /* Musics.plist */; };
		71593DFE1E441CF70050A907 /* AppDelegate.m in Sources */ = {isa = PBXBuildFile; fileRef = 71593DFA1E441CF70050A907 /* AppDelegate.m */; };
		71593DFF1E441CF70050A907 /* main.m in Sources */ = {isa = PBXBuildFile; fileRef = 71593DFB1E441CF70050A907 /* main.m */; };
		71593E021E441D6F0050A907 /* XNPlayingController.m in Sources */ = {isa = PBXBuildFile; fileRef = 71593E011E441D6F0050A907 /* XNPlayingController.m */; };
		71593E071E4435A10050A907 /* XNMusic.m in Sources */ = {isa = PBXBuildFile; fileRef = 71593E061E4435A10050A907 /* XNMusic.m */; };
		71593E0A1E4458070050A907 /* XNMusicTool.m in Sources */ = {isa = PBXBuildFile; fileRef = 71593E091E4458070050A907 /* XNMusicTool.m */; };
		71593E0D1E4463BC0050A907 /* XMGAudioTool.m in Sources */ = {isa = PBXBuildFile; fileRef = 71593E0C1E4463BC0050A907 /* XMGAudioTool.m */; };
		71593E111E4475280050A907 /* NSString+XNTimerExtextion.m in Sources */ = {isa = PBXBuildFile; fileRef = 71593E101E4475280050A907 /* NSString+XNTimerExtextion.m */; };
		7178BFD31E30BE1C00F2AF56 /* a.png in Resources */ = {isa = PBXBuildFile; fileRef = 7178BFD21E30BE1C00F2AF56 /* a.png */; };
		ACB13D24CD8A951C1ECCC9DC /* libPods-XNQQMusic.a in Frameworks */ = {isa = PBXBuildFile; fileRef = C6F6D5B31B839B5E64812002 /* libPods-XNQQMusic.a */; };
/* End PBXBuildFile section */

/* Begin PBXFileReference section */
		5727237C7BFAB2E56437EAA2 /* Pods-XNQQMusic.release.xcconfig */ = {isa = PBXFileReference; includeInIndex = 1; lastKnownFileType = text.xcconfig; name = "Pods-XNQQMusic.release.xcconfig"; path = "Pods/Target Support Files/Pods-XNQQMusic/Pods-XNQQMusic.release.xcconfig"; sourceTree = "<group>"; };
		711E3DC71E2DEF7000B03554 /* XNQQMusic.app */ = {isa = PBXFileReference; explicitFileType = wrapper.application; includeInIndex = 0; path = XNQQMusic.app; sourceTree = BUILT_PRODUCTS_DIR; };
		711E3DD01E2DEF7000B03554 /* ViewController.h */ = {isa = PBXFileReference; lastKnownFileType = sourcecode.c.h; path = ViewController.h; sourceTree = "<group>"; };
		711E3DD11E2DEF7000B03554 /* ViewController.m */ = {isa = PBXFileReference; lastKnownFileType = sourcecode.c.objc; path = ViewController.m; sourceTree = "<group>"; };
		711E3DD41E2DEF7000B03554 /* Base */ = {isa = PBXFileReference; lastKnownFileType = file.storyboard; name = Base; path = Base.lproj/Main.storyboard; sourceTree = "<group>"; };
		711E3DD61E2DEF7000B03554 /* Assets.xcassets */ = {isa = PBXFileReference; lastKnownFileType = folder.assetcatalog; path = Assets.xcassets; sourceTree = "<group>"; };
		711E3DD91E2DEF7000B03554 /* Base */ = {isa = PBXFileReference; lastKnownFileType = file.storyboard; name = Base; path = Base.lproj/LaunchScreen.storyboard; sourceTree = "<group>"; };
		711E3DDB1E2DEF7000B03554 /* Info.plist */ = {isa = PBXFileReference; lastKnownFileType = text.plist.xml; path = Info.plist; sourceTree = "<group>"; };
		711E3DE51E2DFC7A00B03554 /* bb@2x.jpg */ = {isa = PBXFileReference; lastKnownFileType = image.jpeg; path = "bb@2x.jpg"; sourceTree = "<group>"; };
		711E3DE61E2DFC7A00B03554 /* bb_icon@2x.jpg */ = {isa = PBXFileReference; lastKnownFileType = image.jpeg; path = "bb_icon@2x.jpg"; sourceTree = "<group>"; };
		711E3DE71E2DFC7A00B03554 /* dzq@2x.jpg */ = {isa = PBXFileReference; lastKnownFileType = image.jpeg; path = "dzq@2x.jpg"; sourceTree = "<group>"; };
		711E3DE81E2DFC7A00B03554 /* dzq_icon@2x.jpg */ = {isa = PBXFileReference; lastKnownFileType = image.jpeg; path = "dzq_icon@2x.jpg"; sourceTree = "<group>"; };
		711E3DE91E2DFC7A00B03554 /* eason@2x.jpg */ = {isa = PBXFileReference; lastKnownFileType = image.jpeg; path = "eason@2x.jpg"; sourceTree = "<group>"; };
		711E3DEA1E2DFC7A00B03554 /* eason_icon@2x.jpg */ = {isa = PBXFileReference; lastKnownFileType = image.jpeg; path = "eason_icon@2x.jpg"; sourceTree = "<group>"; };
		711E3DEB1E2DFC7A00B03554 /* jay@2x.jpg */ = {isa = PBXFileReference; lastKnownFileType = image.jpeg; path = "jay@2x.jpg"; sourceTree = "<group>"; };
		711E3DEC1E2DFC7A00B03554 /* jay_icon@2x.png */ = {isa = PBXFileReference; lastKnownFileType = image.png; path = "jay_icon@2x.png"; sourceTree = "<group>"; };
		711E3DED1E2DFC7A00B03554 /* jj@2x.jpg */ = {isa = PBXFileReference; lastKnownFileType = image.jpeg; path = "jj@2x.jpg"; sourceTree = "<group>"; };
		711E3DEE1E2DFC7A00B03554 /* jj_icon@2x.png */ = {isa = PBXFileReference; lastKnownFileType = image.png; path = "jj_icon@2x.png"; sourceTree = "<group>"; };
		711E3DEF1E2DFC7A00B03554 /* kzxd@2x.jpg */ = {isa = PBXFileReference; lastKnownFileType = image.jpeg; path = "kzxd@2x.jpg"; sourceTree = "<group>"; };
		711E3DF01E2DFC7A00B03554 /* kzxd_icon@2x.jpg */ = {isa = PBXFileReference; lastKnownFileType = image.jpeg; path = "kzxd_icon@2x.jpg"; sourceTree = "<group>"; };
		711E3DF11E2DFC7A00B03554 /* lkq@2x.jpg */ = {isa = PBXFileReference; lastKnownFileType = image.jpeg; path = "lkq@2x.jpg"; sourceTree = "<group>"; };
		711E3DF21E2DFC7A00B03554 /* lkq_icon@2x.jpg */ = {isa = PBXFileReference; lastKnownFileType = image.jpeg; path = "lkq_icon@2x.jpg"; sourceTree = "<group>"; };
		711E3DF31E2DFC7A00B03554 /* nanquan@2x.jpg */ = {isa = PBXFileReference; lastKnownFileType = image.jpeg; path = "nanquan@2x.jpg"; sourceTree = "<group>"; };
		711E3DF41E2DFC7A00B03554 /* nanquan_icon@2x.jpg */ = {isa = PBXFileReference; lastKnownFileType = image.jpeg; path = "nanquan_icon@2x.jpg"; sourceTree = "<group>"; };
		711E3DF51E2DFC7A00B03554 /* wf@2x.jpg */ = {isa = PBXFileReference; lastKnownFileType = image.jpeg; path = "wf@2x.jpg"; sourceTree = "<group>"; };
		711E3DF61E2DFC7A00B03554 /* wf_icon@2x.jpg */ = {isa = PBXFileReference; lastKnownFileType = image.jpeg; path = "wf_icon@2x.jpg"; sourceTree = "<group>"; };
		711E3DF71E2DFC7A00B03554 /* zxy@2x.jpg */ = {isa = PBXFileReference; lastKnownFileType = image.jpeg; path = "zxy@2x.jpg"; sourceTree = "<group>"; };
		711E3DF81E2DFC7A00B03554 /* zxy_icon@2x.jpg */ = {isa = PBXFileReference; lastKnownFileType = image.jpeg; path = "zxy_icon@2x.jpg"; sourceTree = "<group>"; };
		711E3DFA1E2DFC7A00B03554 /* 10405520.lrc */ = {isa = PBXFileReference; fileEncoding = 4; lastKnownFileType = text; path = 10405520.lrc; sourceTree = "<group>"; };
		711E3DFB1E2DFC7A00B03554 /* 10736444.lrc */ = {isa = PBXFileReference; fileEncoding = 4; lastKnownFileType = text; path = 10736444.lrc; sourceTree = "<group>"; };
		711E3DFC1E2DFC7A00B03554 /* 120125029.lrc */ = {isa = PBXFileReference; fileEncoding = 4; lastKnownFileType = text; path = 120125029.lrc; sourceTree = "<group>"; };
		711E3DFD1E2DFC7A00B03554 /* 12309111.lrc */ = {isa = PBXFileReference; fileEncoding = 4; lastKnownFileType = text; path = 12309111.lrc; sourceTree = "<group>"; };
		711E3DFE1E2DFC7A00B03554 /* 14945107.lrc */ = {isa = PBXFileReference; fileEncoding = 4; lastKnownFileType = text; path = 14945107.lrc; sourceTree = "<group>"; };
		711E3DFF1E2DFC7A00B03554 /* 235319.lrc */ = {isa = PBXFileReference; fileEncoding = 4; lastKnownFileType = text; path = 235319.lrc; sourceTree = "<group>"; };
		711E3E001E2DFC7A00B03554 /* 255319.lrc */ = {isa = PBXFileReference; fileEncoding = 4; lastKnownFileType = text; path = 255319.lrc; sourceTree = "<group>"; };
		711E3E011E2DFC7A00B03554 /* 309769.lrc */ = {isa = PBXFileReference; fileEncoding = 4; lastKnownFileType = text; path = 309769.lrc; sourceTree = "<group>"; };
		711E3E021E2DFC7A00B03554 /* 339744.lrc */ = {isa = PBXFileReference; fileEncoding = 4; lastKnownFileType = text; path = 339744.lrc; sourceTree = "<group>"; };
		711E3E031E2DFC7A00B03554 /* 月半小夜曲.lrc */ = {isa = PBXFileReference; fileEncoding = 4; lastKnownFileType = text; path = "月半小夜曲.lrc"; sourceTree = "<group>"; };
		711E3E051E2DFC7A00B03554 /* 10405520.mp3 */ = {isa = PBXFileReference; lastKnownFileType = audio.mp3; path = 10405520.mp3; sourceTree = "<group>"; };
		711E3E061E2DFC7A00B03554 /* 10736444.mp3 */ = {isa = PBXFileReference; lastKnownFileType = audio.mp3; path = 10736444.mp3; sourceTree = "<group>"; };
		711E3E071E2DFC7A00B03554 /* 1201111234.mp3 */ = {isa = PBXFileReference; lastKnownFileType = audio.mp3; path = 1201111234.mp3; sourceTree = "<group>"; };
		711E3E081E2DFC7A00B03554 /* 120125029.mp3 */ = {isa = PBXFileReference; lastKnownFileType = audio.mp3; path = 120125029.mp3; sourceTree = "<group>"; };
		711E3E091E2DFC7A00B03554 /* 12309111.mp3 */ = {isa = PBXFileReference; lastKnownFileType = audio.mp3; path = 12309111.mp3; sourceTree = "<group>"; };
		711E3E0A1E2DFC7A00B03554 /* 14945107.mp3 */ = {isa = PBXFileReference; lastKnownFileType = audio.mp3; path = 14945107.mp3; sourceTree = "<group>"; };
		711E3E0B1E2DFC7A00B03554 /* 235319.mp3 */ = {isa = PBXFileReference; lastKnownFileType = audio.mp3; path = 235319.mp3; sourceTree = "<group>"; };
		711E3E0C1E2DFC7A00B03554 /* 255319.mp3 */ = {isa = PBXFileReference; lastKnownFileType = audio.mp3; path = 255319.mp3; sourceTree = "<group>"; };
		711E3E0D1E2DFC7A00B03554 /* 309769.mp3 */ = {isa = PBXFileReference; lastKnownFileType = audio.mp3; path = 309769.mp3; sourceTree = "<group>"; };
		711E3E0E1E2DFC7A00B03554 /* 339744.mp3 */ = {isa = PBXFileReference; lastKnownFileType = audio.mp3; path = 339744.mp3; sourceTree = "<group>"; };
		711E3E0F1E2DFC7A00B03554 /* Musics.plist */ = {isa = PBXFileReference; fileEncoding = 4; lastKnownFileType = text.plist.xml; path = Musics.plist; sourceTree = "<group>"; };
		71593DF91E441CF70050A907 /* AppDelegate.h */ = {isa = PBXFileReference; fileEncoding = 4; lastKnownFileType = sourcecode.c.h; path = AppDelegate.h; sourceTree = "<group>"; };
		71593DFA1E441CF70050A907 /* AppDelegate.m */ = {isa = PBXFileReference; fileEncoding = 4; lastKnownFileType = sourcecode.c.objc; path = AppDelegate.m; sourceTree = "<group>"; };
		71593DFB1E441CF70050A907 /* main.m */ = {isa = PBXFileReference; fileEncoding = 4; lastKnownFileType = sourcecode.c.objc; path = main.m; sourceTree = "<group>"; };
		71593E001E441D6F0050A907 /* XNPlayingController.h */ = {isa = PBXFileReference; fileEncoding = 4; lastKnownFileType = sourcecode.c.h; path = XNPlayingController.h; sourceTree = "<group>"; };
		71593E011E441D6F0050A907 /* XNPlayingController.m */ = {isa = PBXFileReference; fileEncoding = 4; lastKnownFileType = sourcecode.c.objc; path = XNPlayingController.m; sourceTree = "<group>"; };
		71593E051E4435A10050A907 /* XNMusic.h */ = {isa = PBXFileReference; fileEncoding = 4; lastKnownFileType = sourcecode.c.h; path = XNMusic.h; sourceTree = "<group>"; };
		71593E061E4435A10050A907 /* XNMusic.m */ = {isa = PBXFileReference; fileEncoding = 4; lastKnownFileType = sourcecode.c.objc; path = XNMusic.m; sourceTree = "<group>"; };
		71593E081E4458070050A907 /* XNMusicTool.h */ = {isa = PBXFileReference; fileEncoding = 4; lastKnownFileType = sourcecode.c.h; path = XNMusicTool.h; sourceTree = "<group>"; };
		71593E091E4458070050A907 /* XNMusicTool.m */ = {isa = PBXFileReference; fileEncoding = 4; lastKnownFileType = sourcecode.c.objc; path = XNMusicTool.m; sourceTree = "<group>"; };
		71593E0B1E4463BC0050A907 /* XMGAudioTool.h */ = {isa = PBXFileReference; fileEncoding = 4; lastKnownFileType = sourcecode.c.h; path = XMGAudioTool.h; sourceTree = "<group>"; };
		71593E0C1E4463BC0050A907 /* XMGAudioTool.m */ = {isa = PBXFileReference; fileEncoding = 4; lastKnownFileType = sourcecode.c.objc; path = XMGAudioTool.m; sourceTree = "<group>"; };
		71593E0F1E4475280050A907 /* NSString+XNTimerExtextion.h */ = {isa = PBXFileReference; fileEncoding = 4; lastKnownFileType = sourcecode.c.h; path = "NSString+XNTimerExtextion.h"; sourceTree = "<group>"; };
		71593E101E4475280050A907 /* NSString+XNTimerExtextion.m */ = {isa = PBXFileReference; fileEncoding = 4; lastKnownFileType = sourcecode.c.objc; path = "NSString+XNTimerExtextion.m"; sourceTree = "<group>"; };
		7178BFD01E30A97000F2AF56 /* QuartzCore.framework */ = {isa = PBXFileReference; lastKnownFileType = wrapper.framework; name = QuartzCore.framework; path = System/Library/Frameworks/QuartzCore.framework; sourceTree = SDKROOT; };
		7178BFD21E30BE1C00F2AF56 /* a.png */ = {isa = PBXFileReference; lastKnownFileType = image.png; path = a.png; sourceTree = "<group>"; };
		C6F6D5B31B839B5E64812002 /* libPods-XNQQMusic.a */ = {isa = PBXFileReference; explicitFileType = archive.ar; includeInIndex = 0; path = "libPods-XNQQMusic.a"; sourceTree = BUILT_PRODUCTS_DIR; };
		F5F809E93DE686F0A69F34F2 /* Pods-XNQQMusic.debug.xcconfig */ = {isa = PBXFileReference; includeInIndex = 1; lastKnownFileType = text.xcconfig; name = "Pods-XNQQMusic.debug.xcconfig"; path = "Pods/Target Support Files/Pods-XNQQMusic/Pods-XNQQMusic.debug.xcconfig"; sourceTree = "<group>"; };
/* End PBXFileReference section */

/* Begin PBXFrameworksBuildPhase section */
		711E3DC41E2DEF7000B03554 /* Frameworks */ = {
			isa = PBXFrameworksBuildPhase;
			buildActionMask = 2147483647;
			files = (
				ACB13D24CD8A951C1ECCC9DC /* libPods-XNQQMusic.a in Frameworks */,
			);
			runOnlyForDeploymentPostprocessing = 0;
		};
/* End PBXFrameworksBuildPhase section */

/* Begin PBXGroup section */
		711E3DBE1E2DEF7000B03554 = {
			isa = PBXGroup;
			children = (
				711E3DC91E2DEF7000B03554 /* XNQQMusic */,
				711E3DC81E2DEF7000B03554 /* Products */,
				7BDF4AC370018794022FECD4 /* Pods */,
				A61E98A8E7844E7F68B42E70 /* Frameworks */,
			);
			sourceTree = "<group>";
		};
		711E3DC81E2DEF7000B03554 /* Products */ = {
			isa = PBXGroup;
			children = (
				711E3DC71E2DEF7000B03554 /* XNQQMusic.app */,
			);
			name = Products;
			sourceTree = "<group>";
		};
		711E3DC91E2DEF7000B03554 /* XNQQMusic */ = {
			isa = PBXGroup;
			children = (
				71593DF51E441CF70050A907 /* Classes */,
				7178BFD21E30BE1C00F2AF56 /* a.png */,
				711E3DD01E2DEF7000B03554 /* ViewController.h */,
				711E3DD11E2DEF7000B03554 /* ViewController.m */,
				711E3DD31E2DEF7000B03554 /* Main.storyboard */,
				711E3DD61E2DEF7000B03554 /* Assets.xcassets */,
				711E3DD81E2DEF7000B03554 /* LaunchScreen.storyboard */,
				711E3DDB1E2DEF7000B03554 /* Info.plist */,
				711E3DCA1E2DEF7000B03554 /* Supporting Files */,
			);
			path = XNQQMusic;
			sourceTree = "<group>";
		};
		711E3DCA1E2DEF7000B03554 /* Supporting Files */ = {
			isa = PBXGroup;
			children = (
				711E3DE31E2DFC7A00B03554 /* Resources */,
			);
			name = "Supporting Files";
			sourceTree = "<group>";
		};
		711E3DE31E2DFC7A00B03554 /* Resources */ = {
			isa = PBXGroup;
			children = (
				711E3DE41E2DFC7A00B03554 /* Images */,
				711E3DF91E2DFC7A00B03554 /* Lrcs */,
				711E3E041E2DFC7A00B03554 /* MP3s */,
				711E3E0F1E2DFC7A00B03554 /* Musics.plist */,
			);
			path = Resources;
			sourceTree = "<group>";
		};
		711E3DE41E2DFC7A00B03554 /* Images */ = {
			isa = PBXGroup;
			children = (
				711E3DE51E2DFC7A00B03554 /* bb@2x.jpg */,
				711E3DE61E2DFC7A00B03554 /* bb_icon@2x.jpg */,
				711E3DE71E2DFC7A00B03554 /* dzq@2x.jpg */,
				711E3DE81E2DFC7A00B03554 /* dzq_icon@2x.jpg */,
				711E3DE91E2DFC7A00B03554 /* eason@2x.jpg */,
				711E3DEA1E2DFC7A00B03554 /* eason_icon@2x.jpg */,
				711E3DEB1E2DFC7A00B03554 /* jay@2x.jpg */,
				711E3DEC1E2DFC7A00B03554 /* jay_icon@2x.png */,
				711E3DED1E2DFC7A00B03554 /* jj@2x.jpg */,
				711E3DEE1E2DFC7A00B03554 /* jj_icon@2x.png */,
				711E3DEF1E2DFC7A00B03554 /* kzxd@2x.jpg */,
				711E3DF01E2DFC7A00B03554 /* kzxd_icon@2x.jpg */,
				711E3DF11E2DFC7A00B03554 /* lkq@2x.jpg */,
				711E3DF21E2DFC7A00B03554 /* lkq_icon@2x.jpg */,
				711E3DF31E2DFC7A00B03554 /* nanquan@2x.jpg */,
				711E3DF41E2DFC7A00B03554 /* nanquan_icon@2x.jpg */,
				711E3DF51E2DFC7A00B03554 /* wf@2x.jpg */,
				711E3DF61E2DFC7A00B03554 /* wf_icon@2x.jpg */,
				711E3DF71E2DFC7A00B03554 /* zxy@2x.jpg */,
				711E3DF81E2DFC7A00B03554 /* zxy_icon@2x.jpg */,
			);
			path = Images;
			sourceTree = "<group>";
		};
		711E3DF91E2DFC7A00B03554 /* Lrcs */ = {
			isa = PBXGroup;
			children = (
				711E3DFA1E2DFC7A00B03554 /* 10405520.lrc */,
				711E3DFB1E2DFC7A00B03554 /* 10736444.lrc */,
				711E3DFC1E2DFC7A00B03554 /* 120125029.lrc */,
				711E3DFD1E2DFC7A00B03554 /* 12309111.lrc */,
				711E3DFE1E2DFC7A00B03554 /* 14945107.lrc */,
				711E3DFF1E2DFC7A00B03554 /* 235319.lrc */,
				711E3E001E2DFC7A00B03554 /* 255319.lrc */,
				711E3E011E2DFC7A00B03554 /* 309769.lrc */,
				711E3E021E2DFC7A00B03554 /* 339744.lrc */,
				711E3E031E2DFC7A00B03554 /* 月半小夜曲.lrc */,
			);
			path = Lrcs;
			sourceTree = "<group>";
		};
		711E3E041E2DFC7A00B03554 /* MP3s */ = {
			isa = PBXGroup;
			children = (
				711E3E051E2DFC7A00B03554 /* 10405520.mp3 */,
				711E3E061E2DFC7A00B03554 /* 10736444.mp3 */,
				711E3E071E2DFC7A00B03554 /* 1201111234.mp3 */,
				711E3E081E2DFC7A00B03554 /* 120125029.mp3 */,
				711E3E091E2DFC7A00B03554 /* 12309111.mp3 */,
				711E3E0A1E2DFC7A00B03554 /* 14945107.mp3 */,
				711E3E0B1E2DFC7A00B03554 /* 235319.mp3 */,
				711E3E0C1E2DFC7A00B03554 /* 255319.mp3 */,
				711E3E0D1E2DFC7A00B03554 /* 309769.mp3 */,
				711E3E0E1E2DFC7A00B03554 /* 339744.mp3 */,
			);
			path = MP3s;
			sourceTree = "<group>";
		};
		71593DF51E441CF70050A907 /* Classes */ = {
			isa = PBXGroup;
			children = (
				71593E041E441FBB0050A907 /* Lib */,
				71593DF61E441CF70050A907 /* Controller */,
				71593DF71E441CF70050A907 /* Model */,
				71593DF81E441CF70050A907 /* Other */,
				71593DFC1E441CF70050A907 /* Tool */,
				71593DFD1E441CF70050A907 /* View */,
			);
			path = Classes;
			sourceTree = "<group>";
		};
		71593DF61E441CF70050A907 /* Controller */ = {
			isa = PBXGroup;
			children = (
				71593E001E441D6F0050A907 /* XNPlayingController.h */,
				71593E011E441D6F0050A907 /* XNPlayingController.m */,
			);
			path = Controller;
			sourceTree = "<group>";
		};
		71593DF71E441CF70050A907 /* Model */ = {
			isa = PBXGroup;
			children = (
				71593E051E4435A10050A907 /* XNMusic.h */,
				71593E061E4435A10050A907 /* XNMusic.m */,
			);
			path = Model;
			sourceTree = "<group>";
		};
		71593DF81E441CF70050A907 /* Other */ = {
			isa = PBXGroup;
			children = (
				71593E0E1E4474EB0050A907 /* Category */,
				71593DF91E441CF70050A907 /* AppDelegate.h */,
				71593DFA1E441CF70050A907 /* AppDelegate.m */,
				71593DFB1E441CF70050A907 /* main.m */,
			);
			path = Other;
			sourceTree = "<group>";
		};
		71593DFC1E441CF70050A907 /* Tool */ = {
			isa = PBXGroup;
			children = (
				71593E0B1E4463BC0050A907 /* XMGAudioTool.h */,
				71593E0C1E4463BC0050A907 /* XMGAudioTool.m */,
				71593E081E4458070050A907 /* XNMusicTool.h */,
				71593E091E4458070050A907 /* XNMusicTool.m */,
			);
			path = Tool;
			sourceTree = "<group>";
		};
		71593DFD1E441CF70050A907 /* View */ = {
			isa = PBXGroup;
			children = (
			);
			path = View;
			sourceTree = "<group>";
		};
		71593E041E441FBB0050A907 /* Lib */ = {
			isa = PBXGroup;
			children = (
			);
			path = Lib;
			sourceTree = "<group>";
		};
		71593E0E1E4474EB0050A907 /* Category */ = {
			isa = PBXGroup;
			children = (
				71593E0F1E4475280050A907 /* NSString+XNTimerExtextion.h */,
				71593E101E4475280050A907 /* NSString+XNTimerExtextion.m */,
			);
			path = Category;
			sourceTree = "<group>";
		};
		7BDF4AC370018794022FECD4 /* Pods */ = {
			isa = PBXGroup;
			children = (
				F5F809E93DE686F0A69F34F2 /* Pods-XNQQMusic.debug.xcconfig */,
				5727237C7BFAB2E56437EAA2 /* Pods-XNQQMusic.release.xcconfig */,
			);
			name = Pods;
			sourceTree = "<group>";
		};
		A61E98A8E7844E7F68B42E70 /* Frameworks */ = {
			isa = PBXGroup;
			children = (
				7178BFD01E30A97000F2AF56 /* QuartzCore.framework */,
				C6F6D5B31B839B5E64812002 /* libPods-XNQQMusic.a */,
			);
			name = Frameworks;
			sourceTree = "<group>";
		};
/* End PBXGroup section */

/* Begin PBXNativeTarget section */
		711E3DC61E2DEF7000B03554 /* XNQQMusic */ = {
			isa = PBXNativeTarget;
			buildConfigurationList = 711E3DDE1E2DEF7000B03554 /* Build configuration list for PBXNativeTarget "XNQQMusic" */;
			buildPhases = (
				BE7FE9CE395E207A044F88D1 /* [CP] Check Pods Manifest.lock */,
				711E3DC31E2DEF7000B03554 /* Sources */,
				711E3DC41E2DEF7000B03554 /* Frameworks */,
				711E3DC51E2DEF7000B03554 /* Resources */,
				84E51618FE96E514D6C17026 /* [CP] Embed Pods Frameworks */,
				B08F257BC66C547DB5C96CA6 /* [CP] Copy Pods Resources */,
			);
			buildRules = (
			);
			dependencies = (
			);
			name = XNQQMusic;
			productName = XNQQMusic;
			productReference = 711E3DC71E2DEF7000B03554 /* XNQQMusic.app */;
			productType = "com.apple.product-type.application";
		};
/* End PBXNativeTarget section */

/* Begin PBXProject section */
		711E3DBF1E2DEF7000B03554 /* Project object */ = {
			isa = PBXProject;
			attributes = {
				CLASSPREFIX = XN;
				LastUpgradeCheck = 0820;
				ORGANIZATIONNAME = xunan;
				TargetAttributes = {
					711E3DC61E2DEF7000B03554 = {
						CreatedOnToolsVersion = 8.2.1;
						DevelopmentTeam = Y2TKYWJ5ZW;
						ProvisioningStyle = Automatic;
					};
				};
			};
			buildConfigurationList = 711E3DC21E2DEF7000B03554 /* Build configuration list for PBXProject "XNQQMusic" */;
			compatibilityVersion = "Xcode 3.2";
			developmentRegion = English;
			hasScannedForEncodings = 0;
			knownRegions = (
				en,
				Base,
			);
			mainGroup = 711E3DBE1E2DEF7000B03554;
			productRefGroup = 711E3DC81E2DEF7000B03554 /* Products */;
			projectDirPath = "";
			projectRoot = "";
			targets = (
				711E3DC61E2DEF7000B03554 /* XNQQMusic */,
			);
		};
/* End PBXProject section */

/* Begin PBXResourcesBuildPhase section */
		711E3DC51E2DEF7000B03554 /* Resources */ = {
			isa = PBXResourcesBuildPhase;
			buildActionMask = 2147483647;
			files = (
				711E3E2A1E2DFC7A00B03554 /* 255319.lrc in Resources */,
				711E3E251E2DFC7A00B03554 /* 10736444.lrc in Resources */,
				711E3E321E2DFC7A00B03554 /* 12309111.mp3 in Resources */,
				711E3E1F1E2DFC7A00B03554 /* nanquan_icon@2x.jpg in Resources */,
				711E3E191E2DFC7A00B03554 /* jj_icon@2x.png in Resources */,
				711E3E301E2DFC7A00B03554 /* 1201111234.mp3 in Resources */,
				711E3E381E2DFC7A00B03554 /* Musics.plist in Resources */,
				711E3E2F1E2DFC7A00B03554 /* 10736444.mp3 in Resources */,
				711E3E171E2DFC7A00B03554 /* jay_icon@2x.png in Resources */,
				711E3E331E2DFC7A00B03554 /* 14945107.mp3 in Resources */,
				711E3E111E2DFC7A00B03554 /* bb_icon@2x.jpg in Resources */,
				711E3E241E2DFC7A00B03554 /* 10405520.lrc in Resources */,
				711E3E1B1E2DFC7A00B03554 /* kzxd_icon@2x.jpg in Resources */,
				711E3E161E2DFC7A00B03554 /* jay@2x.jpg in Resources */,
				711E3DDA1E2DEF7000B03554 /* LaunchScreen.storyboard in Resources */,
				711E3E231E2DFC7A00B03554 /* zxy_icon@2x.jpg in Resources */,
				711E3E351E2DFC7A00B03554 /* 255319.mp3 in Resources */,
				711E3E201E2DFC7A00B03554 /* wf@2x.jpg in Resources */,
				7178BFD31E30BE1C00F2AF56 /* a.png in Resources */,
				711E3E121E2DFC7A00B03554 /* dzq@2x.jpg in Resources */,
				711E3E211E2DFC7A00B03554 /* wf_icon@2x.jpg in Resources */,
				711E3E151E2DFC7A00B03554 /* eason_icon@2x.jpg in Resources */,
				711E3E311E2DFC7A00B03554 /* 120125029.mp3 in Resources */,
				711E3E2E1E2DFC7A00B03554 /* 10405520.mp3 in Resources */,
				711E3E1A1E2DFC7A00B03554 /* kzxd@2x.jpg in Resources */,
				711E3E1D1E2DFC7A00B03554 /* lkq_icon@2x.jpg in Resources */,
				711E3E341E2DFC7A00B03554 /* 235319.mp3 in Resources */,
				711E3E271E2DFC7A00B03554 /* 12309111.lrc in Resources */,
				711E3E181E2DFC7A00B03554 /* jj@2x.jpg in Resources */,
				711E3E221E2DFC7A00B03554 /* zxy@2x.jpg in Resources */,
				711E3E141E2DFC7A00B03554 /* eason@2x.jpg in Resources */,
				711E3E1C1E2DFC7A00B03554 /* lkq@2x.jpg in Resources */,
				711E3E2B1E2DFC7A00B03554 /* 309769.lrc in Resources */,
				711E3E2C1E2DFC7A00B03554 /* 339744.lrc in Resources */,
				711E3E2D1E2DFC7A00B03554 /* 月半小夜曲.lrc in Resources */,
				711E3E131E2DFC7A00B03554 /* dzq_icon@2x.jpg in Resources */,
				711E3E281E2DFC7A00B03554 /* 14945107.lrc in Resources */,
				711E3DD71E2DEF7000B03554 /* Assets.xcassets in Resources */,
				711E3E361E2DFC7A00B03554 /* 309769.mp3 in Resources */,
				711E3E261E2DFC7A00B03554 /* 120125029.lrc in Resources */,
				711E3E101E2DFC7A00B03554 /* bb@2x.jpg in Resources */,
				711E3E291E2DFC7A00B03554 /* 235319.lrc in Resources */,
				711E3DD51E2DEF7000B03554 /* Main.storyboard in Resources */,
				711E3E1E1E2DFC7A00B03554 /* nanquan@2x.jpg in Resources */,
				711E3E371E2DFC7A00B03554 /* 339744.mp3 in Resources */,
			);
			runOnlyForDeploymentPostprocessing = 0;
		};
/* End PBXResourcesBuildPhase section */

/* Begin PBXShellScriptBuildPhase section */
		84E51618FE96E514D6C17026 /* [CP] Embed Pods Frameworks */ = {
			isa = PBXShellScriptBuildPhase;
			buildActionMask = 2147483647;
			files = (
			);
			inputPaths = (
			);
			name = "[CP] Embed Pods Frameworks";
			outputPaths = (
			);
			runOnlyForDeploymentPostprocessing = 0;
			shellPath = /bin/sh;
			shellScript = "\"${SRCROOT}/Pods/Target Support Files/Pods-XNQQMusic/Pods-XNQQMusic-frameworks.sh\"\n";
			showEnvVarsInLog = 0;
		};
		B08F257BC66C547DB5C96CA6 /* [CP] Copy Pods Resources */ = {
			isa = PBXShellScriptBuildPhase;
			buildActionMask = 2147483647;
			files = (
			);
			inputPaths = (
			);
			name = "[CP] Copy Pods Resources";
			outputPaths = (
			);
			runOnlyForDeploymentPostprocessing = 0;
			shellPath = /bin/sh;
			shellScript = "\"${SRCROOT}/Pods/Target Support Files/Pods-XNQQMusic/Pods-XNQQMusic-resources.sh\"\n";
			showEnvVarsInLog = 0;
		};
		BE7FE9CE395E207A044F88D1 /* [CP] Check Pods Manifest.lock */ = {
			isa = PBXShellScriptBuildPhase;
			buildActionMask = 2147483647;
			files = (
			);
			inputPaths = (
			);
			name = "[CP] Check Pods Manifest.lock";
			outputPaths = (
			);
			runOnlyForDeploymentPostprocessing = 0;
			shellPath = /bin/sh;
			shellScript = "diff \"${PODS_ROOT}/../Podfile.lock\" \"${PODS_ROOT}/Manifest.lock\" > /dev/null\nif [ $? != 0 ] ; then\n    # print error to STDERR\n    echo \"error: The sandbox is not in sync with the Podfile.lock. Run 'pod install' or update your CocoaPods installation.\" >&2\n    exit 1\nfi\n";
			showEnvVarsInLog = 0;
		};
/* End PBXShellScriptBuildPhase section */

/* Begin PBXSourcesBuildPhase section */
		711E3DC31E2DEF7000B03554 /* Sources */ = {
			isa = PBXSourcesBuildPhase;
			buildActionMask = 2147483647;
			files = (
				71593E111E4475280050A907 /* NSString+XNTimerExtextion.m in Sources */,
				71593E0D1E4463BC0050A907 /* XMGAudioTool.m in Sources */,
				71593E071E4435A10050A907 /* XNMusic.m in Sources */,
				71593E0A1E4458070050A907 /* XNMusicTool.m in Sources */,
				71593DFE1E441CF70050A907 /* AppDelegate.m in Sources */,
				71593DFF1E441CF70050A907 /* main.m in Sources */,
				71593E021E441D6F0050A907 /* XNPlayingController.m in Sources */,
				711E3DD21E2DEF7000B03554 /* ViewController.m in Sources */,
			);
			runOnlyForDeploymentPostprocessing = 0;
		};
/* End PBXSourcesBuildPhase section */

/* Begin PBXVariantGroup section */
		711E3DD31E2DEF7000B03554 /* Main.storyboard */ = {
			isa = PBXVariantGroup;
			children = (
				711E3DD41E2DEF7000B03554 /* Base */,
			);
			name = Main.storyboard;
			sourceTree = "<group>";
		};
		711E3DD81E2DEF7000B03554 /* LaunchScreen.storyboard */ = {
			isa = PBXVariantGroup;
			children = (
				711E3DD91E2DEF7000B03554 /* Base */,
			);
			name = LaunchScreen.storyboard;
			sourceTree = "<group>";
		};
/* End PBXVariantGroup section */

/* Begin XCBuildConfiguration section */
		711E3DDC1E2DEF7000B03554 /* Debug */ = {
			isa = XCBuildConfiguration;
			buildSettings = {
				ALWAYS_SEARCH_USER_PATHS = NO;
				CLANG_ANALYZER_NONNULL = YES;
				CLANG_CXX_LANGUAGE_STANDARD = "gnu++0x";
				CLANG_CXX_LIBRARY = "libc++";
				CLANG_ENABLE_MODULES = YES;
				CLANG_ENABLE_OBJC_ARC = YES;
				CLANG_WARN_BOOL_CONVERSION = YES;
				CLANG_WARN_CONSTANT_CONVERSION = YES;
				CLANG_WARN_DIRECT_OBJC_ISA_USAGE = YES_ERROR;
				CLANG_WARN_DOCUMENTATION_COMMENTS = YES;
				CLANG_WARN_EMPTY_BODY = YES;
				CLANG_WARN_ENUM_CONVERSION = YES;
				CLANG_WARN_INFINITE_RECURSION = YES;
				CLANG_WARN_INT_CONVERSION = YES;
				CLANG_WARN_OBJC_ROOT_CLASS = YES_ERROR;
				CLANG_WARN_SUSPICIOUS_MOVE = YES;
				CLANG_WARN_UNREACHABLE_CODE = YES;
				CLANG_WARN__DUPLICATE_METHOD_MATCH = YES;
				"CODE_SIGN_IDENTITY[sdk=iphoneos*]" = "iPhone Developer";
				COPY_PHASE_STRIP = NO;
				DEBUG_INFORMATION_FORMAT = dwarf;
				ENABLE_STRICT_OBJC_MSGSEND = YES;
				ENABLE_TESTABILITY = YES;
				GCC_C_LANGUAGE_STANDARD = gnu99;
				GCC_DYNAMIC_NO_PIC = NO;
				GCC_NO_COMMON_BLOCKS = YES;
				GCC_OPTIMIZATION_LEVEL = 0;
				GCC_PREPROCESSOR_DEFINITIONS = (
					"DEBUG=1",
					"$(inherited)",
				);
				GCC_WARN_64_TO_32_BIT_CONVERSION = YES;
				GCC_WARN_ABOUT_RETURN_TYPE = YES_ERROR;
				GCC_WARN_UNDECLARED_SELECTOR = YES;
				GCC_WARN_UNINITIALIZED_AUTOS = YES_AGGRESSIVE;
				GCC_WARN_UNUSED_FUNCTION = YES;
				GCC_WARN_UNUSED_VARIABLE = YES;
				IPHONEOS_DEPLOYMENT_TARGET = 10.2;
				MTL_ENABLE_DEBUG_INFO = YES;
				ONLY_ACTIVE_ARCH = YES;
				SDKROOT = iphoneos;
			};
			name = Debug;
		};
		711E3DDD1E2DEF7000B03554 /* Release */ = {
			isa = XCBuildConfiguration;
			buildSettings = {
				ALWAYS_SEARCH_USER_PATHS = NO;
				CLANG_ANALYZER_NONNULL = YES;
				CLANG_CXX_LANGUAGE_STANDARD = "gnu++0x";
				CLANG_CXX_LIBRARY = "libc++";
				CLANG_ENABLE_MODULES = YES;
				CLANG_ENABLE_OBJC_ARC = YES;
				CLANG_WARN_BOOL_CONVERSION = YES;
				CLANG_WARN_CONSTANT_CONVERSION = YES;
				CLANG_WARN_DIRECT_OBJC_ISA_USAGE = YES_ERROR;
				CLANG_WARN_DOCUMENTATION_COMMENTS = YES;
				CLANG_WARN_EMPTY_BODY = YES;
				CLANG_WARN_ENUM_CONVERSION = YES;
				CLANG_WARN_INFINITE_RECURSION = YES;
				CLANG_WARN_INT_CONVERSION = YES;
				CLANG_WARN_OBJC_ROOT_CLASS = YES_ERROR;
				CLANG_WARN_SUSPICIOUS_MOVE = YES;
				CLANG_WARN_UNREACHABLE_CODE = YES;
				CLANG_WARN__DUPLICATE_METHOD_MATCH = YES;
				"CODE_SIGN_IDENTITY[sdk=iphoneos*]" = "iPhone Developer";
				COPY_PHASE_STRIP = NO;
				DEBUG_INFORMATION_FORMAT = "dwarf-with-dsym";
				ENABLE_NS_ASSERTIONS = NO;
				ENABLE_STRICT_OBJC_MSGSEND = YES;
				GCC_C_LANGUAGE_STANDARD = gnu99;
				GCC_NO_COMMON_BLOCKS = YES;
				GCC_WARN_64_TO_32_BIT_CONVERSION = YES;
				GCC_WARN_ABOUT_RETURN_TYPE = YES_ERROR;
				GCC_WARN_UNDECLARED_SELECTOR = YES;
				GCC_WARN_UNINITIALIZED_AUTOS = YES_AGGRESSIVE;
				GCC_WARN_UNUSED_FUNCTION = YES;
				GCC_WARN_UNUSED_VARIABLE = YES;
				IPHONEOS_DEPLOYMENT_TARGET = 10.2;
				MTL_ENABLE_DEBUG_INFO = NO;
				SDKROOT = iphoneos;
				VALIDATE_PRODUCT = YES;
			};
			name = Release;
		};
		711E3DDF1E2DEF7000B03554 /* Debug */ = {
			isa = XCBuildConfiguration;
			baseConfigurationReference = F5F809E93DE686F0A69F34F2 /* Pods-XNQQMusic.debug.xcconfig */;
			buildSettings = {
				ASSETCATALOG_COMPILER_APPICON_NAME = AppIcon;
				ASSETCATALOG_COMPILER_LAUNCHIMAGE_NAME = LaunchImage;
				DEVELOPMENT_TEAM = Y2TKYWJ5ZW;
				INFOPLIST_FILE = XNQQMusic/Info.plist;
				IPHONEOS_DEPLOYMENT_TARGET = 8.0;
				LD_RUNPATH_SEARCH_PATHS = "$(inherited) @executable_path/Frameworks";
				PRODUCT_BUNDLE_IDENTIFIER = com.XNQQMusic;
				PRODUCT_NAME = "$(TARGET_NAME)";
				TARGETED_DEVICE_FAMILY = 1;
			};
			name = Debug;
		};
		711E3DE01E2DEF7000B03554 /* Release */ = {
			isa = XCBuildConfiguration;
			baseConfigurationReference = 5727237C7BFAB2E56437EAA2 /* Pods-XNQQMusic.release.xcconfig */;
			buildSettings = {
				ASSETCATALOG_COMPILER_APPICON_NAME = AppIcon;
				ASSETCATALOG_COMPILER_LAUNCHIMAGE_NAME = LaunchImage;
				DEVELOPMENT_TEAM = Y2TKYWJ5ZW;
				INFOPLIST_FILE = XNQQMusic/Info.plist;
				IPHONEOS_DEPLOYMENT_TARGET = 8.0;
				LD_RUNPATH_SEARCH_PATHS = "$(inherited) @executable_path/Frameworks";
				PRODUCT_BUNDLE_IDENTIFIER = com.XNQQMusic;
				PRODUCT_NAME = "$(TARGET_NAME)";
				TARGETED_DEVICE_FAMILY = 1;
			};
			name = Release;
		};
/* End XCBuildConfiguration section */

/* Begin XCConfigurationList section */
		711E3DC21E2DEF7000B03554 /* Build configuration list for PBXProject "XNQQMusic" */ = {
			isa = XCConfigurationList;
			buildConfigurations = (
				711E3DDC1E2DEF7000B03554 /* Debug */,
				711E3DDD1E2DEF7000B03554 /* Release */,
			);
			defaultConfigurationIsVisible = 0;
			defaultConfigurationName = Release;
		};
		711E3DDE1E2DEF7000B03554 /* Build configuration list for PBXNativeTarget "XNQQMusic" */ = {
			isa = XCConfigurationList;
			buildConfigurations = (
				711E3DDF1E2DEF7000B03554 /* Debug */,
				711E3DE01E2DEF7000B03554 /* Release */,
			);
			defaultConfigurationIsVisible = 0;
			defaultConfigurationName = Release;
		};
/* End XCConfigurationList section */
	};
	rootObject = 711E3DBF1E2DEF7000B03554 /* Project object */;
}
